
Microsoft Visual Studio Solution File, Format Version 12.00
# Visual Studio Version 16
VisualStudioVersion = 16.0.31729.503
MinimumVisualStudioVersion = 10.0.40219.1
Project("{8BC9CEB8-8B4A-11D0-8D11-00A0C91BC942}") = "lab10", "lab10.vcxproj", "{47ABBEF3-6C46-4B28-A57B-80172068676C}"
EndProject
Global
	GlobalSection(SolutionConfigurationPlatforms) = preSolution
		Debug|x64 = Debug|x64
		Debug|x86 = Debug|x86
		Release|x64 = Release|x64
		Release|x86 = Release|x86
	EndGlobalSection
	GlobalSection(ProjectConfigurationPlatforms) = postSolution
		{47ABBEF3-6C46-4B28-A57B-80172068676C}.Debug|x64.ActiveCfg = Debug|x64
		{47ABBEF3-6C46-4B28-A57B-80172068676C}.Debug|x64.Build.0 = Debug|x64
		{47ABBEF3-6C46-4B28-A57B-80172068676C}.Debug|x86.ActiveCfg = Debug|Win32
		{47ABBEF3-6C46-4B28-A57B-80172068676C}.Debug|x86.Build.0 = Debug|Win32
		{47ABBEF3-6C46-4B28-A57B-80172068676C}.Release|x64.ActiveCfg = Release|x64
		{47ABBEF3-6C46-4B28-A57B-80172068676C}.Release|x64.Build.0 = Release|x64
		{47ABBEF3-6C46-4B28-A57B-80172068676C}.Release|x86.ActiveCfg = Release|Win32
		{47ABBEF3-6C46-4B28-A57B-80172068676C}.Release|x86.Build.0 = Release|Win32
	EndGlobalSection
	GlobalSection(SolutionProperties) = preSolution
		HideSolutionNode = FALSE
	EndGlobalSection
	GlobalSection(ExtensibilityGlobals) = postSolution
		SolutionGuid = {AF1DC436-2B69-4528-B153-20CD700E9544}
	EndGlobalSection
EndGlobal
